// !$*UTF8*$!
{
	archiveVersion = 1;
	classes = {
	};
	objectVersion = 46;
	objects = {

/* Begin PBXBuildFile section */
		848293741DE9CDB3009E41D9 /* main.cpp in Sources */ = {isa = PBXBuildFile; fileRef = 848293731DE9CDB3009E41D9 /* main.cpp */; };
		8482937C1DE9CEC2009E41D9 /* OpenCL.framework in Frameworks */ = {isa = PBXBuildFile; fileRef = 8482937B1DE9CEC2009E41D9 /* OpenCL.framework */; };
		8482937E1DE9D124009E41D9 /* kernels.cl in Sources */ = {isa = PBXBuildFile; fileRef = 8482937D1DE9D124009E41D9 /* kernels.cl */; };
/* End PBXBuildFile section */

/* Begin PBXCopyFilesBuildPhase section */
		8482936E1DE9CDB2009E41D9 /* CopyFiles */ = {
			isa = PBXCopyFilesBuildPhase;
			buildActionMask = 2147483647;
			dstPath = /usr/share/man/man1/;
			dstSubfolderSpec = 0;
			files = (
			);
			runOnlyForDeploymentPostprocessing = 1;
		};
/* End PBXCopyFilesBuildPhase section */

/* Begin PBXFileReference section */
		848293701DE9CDB3009E41D9 /* GPUTest */ = {isa = PBXFileReference; explicitFileType = "compiled.mach-o.executable"; includeInIndex = 0; path = GPUTest; sourceTree = BUILT_PRODUCTS_DIR; };
		848293731DE9CDB3009E41D9 /* main.cpp */ = {isa = PBXFileReference; lastKnownFileType = sourcecode.cpp.cpp; path = main.cpp; sourceTree = "<group>"; };
		8482937B1DE9CEC2009E41D9 /* OpenCL.framework */ = {isa = PBXFileReference; lastKnownFileType = wrapper.framework; name = OpenCL.framework; path = System/Library/Frameworks/OpenCL.framework; sourceTree = SDKROOT; };
		8482937D1DE9D124009E41D9 /* kernels.cl */ = {isa = PBXFileReference; fileEncoding = 4; lastKnownFileType = sourcecode.opencl; path = kernels.cl; sourceTree = "<group>"; };
/* End PBXFileReference section */

/* Begin PBXFrameworksBuildPhase section */
		8482936D1DE9CDB2009E41D9 /* Frameworks */ = {
			isa = PBXFrameworksBuildPhase;
			buildActionMask = 2147483647;
			files = (
				8482937C1DE9CEC2009E41D9 /* OpenCL.framework in Frameworks */,
			);
			runOnlyForDeploymentPostprocessing = 0;
		};
/* End PBXFrameworksBuildPhase section */

/* Begin PBXGroup section */
		848293671DE9CDB2009E41D9 = {
			isa = PBXGroup;
			children = (
				848293721DE9CDB3009E41D9 /* GPUTest */,
				848293711DE9CDB3009E41D9 /* Products */,
				8482937A1DE9CEC1009E41D9 /* Frameworks */,
			);
			sourceTree = "<group>";
		};
		848293711DE9CDB3009E41D9 /* Products */ = {
			isa = PBXGroup;
			children = (
				848293701DE9CDB3009E41D9 /* GPUTest */,
			);
			name = Products;
			sourceTree = "<group>";
		};
		848293721DE9CDB3009E41D9 /* GPUTest */ = {
			isa = PBXGroup;
			children = (
				848293731DE9CDB3009E41D9 /* main.cpp */,
				8482937D1DE9D124009E41D9 /* kernels.cl */,
			);
			path = GPUTest;
			sourceTree = "<group>";
		};
		8482937A1DE9CEC1009E41D9 /* Frameworks */ = {
			isa = PBXGroup;
			children = (
				8482937B1DE9CEC2009E41D9 /* OpenCL.framework */,
			);
			name = Frameworks;
			sourceTree = "<group>";
		};
/* End PBXGroup section */

/* Begin PBXNativeTarget section */
		8482936F1DE9CDB2009E41D9 /* GPUTest */ = {
			isa = PBXNativeTarget;
			buildConfigurationList = 848293771DE9CDB3009E41D9 /* Build configuration list for PBXNativeTarget "GPUTest" */;
			buildPhases = (
				8482936C1DE9CDB2009E41D9 /* Sources */,
				8482936D1DE9CDB2009E41D9 /* Frameworks */,
				8482936E1DE9CDB2009E41D9 /* CopyFiles */,
			);
			buildRules = (
			);
			dependencies = (
			);
			name = GPUTest;
			productName = GPUTest;
			productReference = 848293701DE9CDB3009E41D9 /* GPUTest */;
			productType = "com.apple.product-type.tool";
		};
/* End PBXNativeTarget section */

/* Begin PBXProject section */
		848293681DE9CDB2009E41D9 /* Project object */ = {
			isa = PBXProject;
			attributes = {
				LastUpgradeCheck = 0810;
				ORGANIZATIONNAME = "Adrian Alex";
				TargetAttributes = {
					8482936F1DE9CDB2009E41D9 = {
						CreatedOnToolsVersion = 8.1;
						ProvisioningStyle = Automatic;
					};
				};
			};
			buildConfigurationList = 8482936B1DE9CDB2009E41D9 /* Build configuration list for PBXProject "GPUTest" */;
			compatibilityVersion = "Xcode 3.2";
			developmentRegion = English;
			hasScannedForEncodings = 0;
			knownRegions = (
				en,
			);
			mainGroup = 848293671DE9CDB2009E41D9;
			productRefGroup = 848293711DE9CDB3009E41D9 /* Products */;
			projectDirPath = "";
			projectRoot = "";
			targets = (
				8482936F1DE9CDB2009E41D9 /* GPUTest */,
			);
		};
/* End PBXProject section */

/* Begin PBXSourcesBuildPhase section */
		8482936C1DE9CDB2009E41D9 /* Sources */ = {
			isa = PBXSourcesBuildPhase;
			buildActionMask = 2147483647;
			files = (
				848293741DE9CDB3009E41D9 /* main.cpp in Sources */,
				8482937E1DE9D124009E41D9 /* kernels.cl in Sources */,
			);
			runOnlyForDeploymentPostprocessing = 0;
		};
/* End PBXSourcesBuildPhase section */

/* Begin XCBuildConfiguration section */
		848293751DE9CDB3009E41D9 /* Debug */ = {
			isa = XCBuildConfiguration;
			buildSettings = {
				ALWAYS_SEARCH_USER_PATHS = NO;
				CLANG_ANALYZER_NONNULL = YES;
				CLANG_CXX_LANGUAGE_STANDARD = "gnu++0x";
				CLANG_CXX_LIBRARY = "libc++";
				CLANG_ENABLE_MODULES = YES;
				CLANG_ENABLE_OBJC_ARC = YES;
				CLANG_WARN_BOOL_CONVERSION = YES;
				CLANG_WARN_CONSTANT_CONVERSION = YES;
				CLANG_WARN_DIRECT_OBJC_ISA_USAGE = YES_ERROR;
				CLANG_WARN_DOCUMENTATION_COMMENTS = YES;
				CLANG_WARN_EMPTY_BODY = YES;
				CLANG_WARN_ENUM_CONVERSION = YES;
				CLANG_WARN_INFINITE_RECURSION = YES;
				CLANG_WARN_INT_CONVERSION = YES;
				CLANG_WARN_OBJC_ROOT_CLASS = YES_ERROR;
				CLANG_WARN_SUSPICIOUS_MOVES = YES;
				CLANG_WARN_UNREACHABLE_CODE = YES;
				CLANG_WARN__DUPLICATE_METHOD_MATCH = YES;
				CODE_SIGN_IDENTITY = "-";
				COPY_PHASE_STRIP = NO;
				DEBUG_INFORMATION_FORMAT = dwarf;
				ENABLE_STRICT_OBJC_MSGSEND = YES;
				ENABLE_TESTABILITY = YES;
				GCC_C_LANGUAGE_STANDARD = gnu99;
				GCC_DYNAMIC_NO_PIC = NO;
				GCC_NO_COMMON_BLOCKS = YES;
				GCC_OPTIMIZATION_LEVEL = 0;
				GCC_PREPROCESSOR_DEFINITIONS = (
					"DEBUG=1",
					"$(inherited)",
				);
				GCC_WARN_64_TO_32_BIT_CONVERSION = YES;
				GCC_WARN_ABOUT_RETURN_TYPE = YES_ERROR;
				GCC_WARN_UNDECLARED_SELECTOR = YES;
				GCC_WARN_UNINITIALIZED_AUTOS = YES_AGGRESSIVE;
				GCC_WARN_UNUSED_FUNCTION = YES;
				GCC_WARN_UNUSED_VARIABLE = YES;
				MACOSX_DEPLOYMENT_TARGET = 10.12;
				MTL_ENABLE_DEBUG_INFO = YES;
				ONLY_ACTIVE_ARCH = YES;
				SDKROOT = macosx;
			};
			name = Debug;
		};
		848293761DE9CDB3009E41D9 /* Release */ = {
			isa = XCBuildConfiguration;
			buildSettings = {
				ALWAYS_SEARCH_USER_PATHS = NO;
				CLANG_ANALYZER_NONNULL = YES;
				CLANG_CXX_LANGUAGE_STANDARD = "gnu++0x";
				CLANG_CXX_LIBRARY = "libc++";
				CLANG_ENABLE_MODULES = YES;
				CLANG_ENABLE_OBJC_ARC = YES;
				CLANG_WARN_BOOL_CONVERSION = YES;
				CLANG_WARN_CONSTANT_CONVERSION = YES;
				CLANG_WARN_DIRECT_OBJC_ISA_USAGE = YES_ERROR;
				CLANG_WARN_DOCUMENTATION_COMMENTS = YES;
				CLANG_WARN_EMPTY_BODY = YES;
				CLANG_WARN_ENUM_CONVERSION = YES;
				CLANG_WARN_INFINITE_RECURSION = YES;
				CLANG_WARN_INT_CONVERSION = YES;
				CLANG_WARN_OBJC_ROOT_CLASS = YES_ERROR;
				CLANG_WARN_SUSPICIOUS_MOVES = YES;
				CLANG_WARN_UNREACHABLE_CODE = YES;
				CLANG_WARN__DUPLICATE_METHOD_MATCH = YES;
				CODE_SIGN_IDENTITY = "-";
				COPY_PHASE_STRIP = NO;
				DEBUG_INFORMATION_FORMAT = "dwarf-with-dsym";
				ENABLE_NS_ASSERTIONS = NO;
				ENABLE_STRICT_OBJC_MSGSEND = YES;
				GCC_C_LANGUAGE_STANDARD = gnu99;
				GCC_NO_COMMON_BLOCKS = YES;
				GCC_WARN_64_TO_32_BIT_CONVERSION = YES;
				GCC_WARN_ABOUT_RETURN_TYPE = YES_ERROR;
				GCC_WARN_UNDECLARED_SELECTOR = YES;
				GCC_WARN_UNINITIALIZED_AUTOS = YES_AGGRESSIVE;
				GCC_WARN_UNUSED_FUNCTION = YES;
				GCC_WARN_UNUSED_VARIABLE = YES;
				MACOSX_DEPLOYMENT_TARGET = 10.12;
				MTL_ENABLE_DEBUG_INFO = NO;
				SDKROOT = macosx;
			};
			name = Release;
		};
		848293781DE9CDB3009E41D9 /* Debug */ = {
			isa = XCBuildConfiguration;
			buildSettings = {
				PRODUCT_NAME = "$(TARGET_NAME)";
			};
			name = Debug;
		};
		848293791DE9CDB3009E41D9 /* Release */ = {
			isa = XCBuildConfiguration;
			buildSettings = {
				PRODUCT_NAME = "$(TARGET_NAME)";
			};
			name = Release;
		};
/* End XCBuildConfiguration section */

/* Begin XCConfigurationList section */
		8482936B1DE9CDB2009E41D9 /* Build configuration list for PBXProject "GPUTest" */ = {
			isa = XCConfigurationList;
			buildConfigurations = (
				848293751DE9CDB3009E41D9 /* Debug */,
				848293761DE9CDB3009E41D9 /* Release */,
			);
			defaultConfigurationIsVisible = 0;
			defaultConfigurationName = Release;
		};
		848293771DE9CDB3009E41D9 /* Build configuration list for PBXNativeTarget "GPUTest" */ = {
			isa = XCConfigurationList;
			buildConfigurations = (
				848293781DE9CDB3009E41D9 /* Debug */,
				848293791DE9CDB3009E41D9 /* Release */,
			);
			defaultConfigurationIsVisible = 0;
		};
/* End XCConfigurationList section */
	};
	rootObject = 848293681DE9CDB2009E41D9 /* Project object */;
}
